{"1.1.0",
[{<<"antidote_crdt">>,
  {git,"https://github.com/SyncFree/antidote_crdt",
       {ref,"a32fabe1475def722c77207cc5d3ba1aabd6728d"}},
  0},
 {<<"antidote_pb">>,
  {git,"https://github.com/SyncFree/antidote_pb",
       {ref,"eb59f91ec8fa111dbbb50e399c181d1ab57bcb96"}},
  0},
 {<<"certifi">>,{pkg,<<"certifi">>,<<"0.7.0">>},1},
 {<<"cowboy">>,
  {git,"https://github.com/ninenines/cowboy",
       {ref,"c528d9b0f7698b5b901cbc8841a96fb4bd38aba9"}},
  0},
 {<<"cowlib">>,
  {git,"https://github.com/ninenines/cowlib",
       {ref,"8e6d0f462850a90bd8a60995f52027839288d038"}},
  1},
 {<<"goldrush">>,
  {git,"git://github.com/DeadZen/goldrush.git",
       {ref,"212299233c7e7eb63a97be2777e1c05ebaa58dbe"}},
  2},
 {<<"hackney">>,
  {git,"https://github.com/benoitc/hackney.git",
       {ref,"93e05331725a4c195553b5f939d9072195621bb9"}},
  0},
 {<<"idna">>,{pkg,<<"idna">>,<<"1.2.0">>},1},
 {<<"jsx">>,
  {git,"https://github.com/talentdeficit/jsx.git",
       {ref,"3074d4865b3385a050badf7828ad31490d860df5"}},
  0},
 {<<"lager">>,
  {git,"https://github.com/basho/lager",
       {ref,"8187757388c9adc915379caaab36a2f2ca26e944"}},
  1},
 {<<"meck">>,
  {git,"https://github.com/basho/meck.git",
       {ref,"dde759050eff19a1a80fd854d7375174b191665d"}},
  3},
 {<<"metrics">>,{pkg,<<"metrics">>,<<"1.0.1">>},1},
 {<<"mimerl">>,{pkg,<<"mimerl">>,<<"1.0.2">>},1},
 {<<"mochiweb">>,
  {git,"https://github.com/mochi/mochiweb",
       {ref,"62eac24c69e0704ea5ee1a439f1d4992a21d2a9a"}},
  0},
 {<<"poolboy">>,
  {git,"https://github.com/devinus/poolboy",
       {ref,"3bb48a893ff5598f7c73731ac17545206d259fac"}},
  0},
 {<<"protobuffs">>,
  {git,"git://github.com/basho/erlang_protobuffs.git",
       {ref,"0dde9d3b37b7bec3a4dfb0e87684dd7039e169ab"}},
  2},
 {<<"ranch">>,
  {git,"https://github.com/ninenines/ranch",
       {ref,"a5d2efcde9a34ad38ab89a26d98ea5335e88625a"}},
  1},
 {<<"riak_dt">>,
  {git,"https://github.com/aletomsic/riak_dt",
       {ref,"86cfe29db5495eaafdb241f168d27a29db90e4cf"}},
  0},
 {<<"riak_pb">>,
  {git,"git://github.com/syncfree/riak_pb",
       {ref,"e243b18ff720789928a7cdd67323e5393978416c"}},
  1},
 {<<"ssl_verify_fun">>,{pkg,<<"ssl_verify_fun">>,<<"1.1.1">>},1}]}.
[
{pkg_hash,[
 {<<"certifi">>, <<"861A57F3808F7EB0C2D1802AFEAAE0FA5DE813B0DF0979153CBAFCD853ABABAF">>},
 {<<"idna">>, <<"AC62EE99DA068F43C50DC69ACF700E03A62A348360126260E87F2B54ECED86B2">>},
 {<<"metrics">>, <<"25F094DEA2CDA98213CECC3AEFF09E940299D950904393B2A29D191C346A8486">>},
 {<<"mimerl">>, <<"993F9B0E084083405ED8252B99460C4F0563E41729AB42D9074FD5E52439BE88">>},
 {<<"ssl_verify_fun">>, <<"28A4D65B7F59893BC2C7DE786DEC1E1555BD742D336043FE644AE956C3497FBE">>}]}
].
